
Microsoft Visual Studio Solution File, Format Version 12.00
# Visual Studio Version 16
VisualStudioVersion = 16.0.30717.126
MinimumVisualStudioVersion = 10.0.40219.1
Project("{FAE04EC0-301F-11D3-BF4B-00C04F79EFBC}") = "TestUnit_CI", "TestUnit_CI\TestUnit_CI.csproj", "{C901C9D9-F79F-43EB-8D72-70B800BC183F}"
EndProject
Global
	GlobalSection(SolutionConfigurationPlatforms) = preSolution
		Debug|Any CPU = Debug|Any CPU
		Release|Any CPU = Release|Any CPU
	EndGlobalSection
	GlobalSection(ProjectConfigurationPlatforms) = postSolution
		{C901C9D9-F79F-43EB-8D72-70B800BC183F}.Debug|Any CPU.ActiveCfg = Debug|Any CPU
		{C901C9D9-F79F-43EB-8D72-70B800BC183F}.Debug|Any CPU.Build.0 = Debug|Any CPU
		{C901C9D9-F79F-43EB-8D72-70B800BC183F}.Release|Any CPU.ActiveCfg = Release|Any CPU
		{C901C9D9-F79F-43EB-8D72-70B800BC183F}.Release|Any CPU.Build.0 = Release|Any CPU
	EndGlobalSection
	GlobalSection(SolutionProperties) = preSolution
		HideSolutionNode = FALSE
	EndGlobalSection
	GlobalSection(ExtensibilityGlobals) = postSolution
		SolutionGuid = {DAF04094-3A88-4BF4-B35C-08EE3FE54770}
	EndGlobalSection
EndGlobal
